// !$*UTF8*$!
{
	archiveVersion = 1;
	classes = {
	};
	objectVersion = 46;
	objects = {

/* Begin PBXBuildFile section */
		F8D67E381B7BA85D00021BDF /* git2.h in Headers */ = {isa = PBXBuildFile; fileRef = F8D67E371B7BA85D00021BDF /* git2.h */; settings = {ATTRIBUTES = (Public, ); }; };
		F8D67E471B7BAA4900021BDF /* git2.h in Headers */ = {isa = PBXBuildFile; fileRef = F8D67E461B7BAA4900021BDF /* git2.h */; settings = {ATTRIBUTES = (Public, ); }; };
		F8D67E811B7BB79E00021BDF /* git2.h in Headers */ = {isa = PBXBuildFile; fileRef = F8D67E7E1B7BB79E00021BDF /* git2.h */; };
		F8D67E821B7BB79E00021BDF /* git2.h in Headers */ = {isa = PBXBuildFile; fileRef = F8D67E7E1B7BB79E00021BDF /* git2.h */; settings = {ATTRIBUTES = (Public, ); }; };
		F8D67EB81B7BB7DA00021BDF /* annotated_commit.h in Headers */ = {isa = PBXBuildFile; fileRef = F8D67E841B7BB7DA00021BDF /* annotated_commit.h */; };
		F8D67EB91B7BB7DA00021BDF /* annotated_commit.h in Headers */ = {isa = PBXBuildFile; fileRef = F8D67E841B7BB7DA00021BDF /* annotated_commit.h */; settings = {ATTRIBUTES = (Public, ); }; };
		F8D67EBA1B7BB7DA00021BDF /* attr.h in Headers */ = {isa = PBXBuildFile; fileRef = F8D67E851B7BB7DA00021BDF /* attr.h */; };
		F8D67EBB1B7BB7DA00021BDF /* attr.h in Headers */ = {isa = PBXBuildFile; fileRef = F8D67E851B7BB7DA00021BDF /* attr.h */; settings = {ATTRIBUTES = (Public, ); }; };
		F8D67EBC1B7BB7DA00021BDF /* blame.h in Headers */ = {isa = PBXBuildFile; fileRef = F8D67E861B7BB7DA00021BDF /* blame.h */; };
		F8D67EBD1B7BB7DA00021BDF /* blame.h in Headers */ = {isa = PBXBuildFile; fileRef = F8D67E861B7BB7DA00021BDF /* blame.h */; settings = {ATTRIBUTES = (Public, ); }; };
		F8D67EBE1B7BB7DA00021BDF /* blob.h in Headers */ = {isa = PBXBuildFile; fileRef = F8D67E871B7BB7DA00021BDF /* blob.h */; };
		F8D67EBF1B7BB7DA00021BDF /* blob.h in Headers */ = {isa = PBXBuildFile; fileRef = F8D67E871B7BB7DA00021BDF /* blob.h */; settings = {ATTRIBUTES = (Public, ); }; };
		F8D67EC01B7BB7DA00021BDF /* branch.h in Headers */ = {isa = PBXBuildFile; fileRef = F8D67E881B7BB7DA00021BDF /* branch.h */; };
		F8D67EC11B7BB7DA00021BDF /* branch.h in Headers */ = {isa = PBXBuildFile; fileRef = F8D67E881B7BB7DA00021BDF /* branch.h */; settings = {ATTRIBUTES = (Public, ); }; };
		F8D67EC21B7BB7DA00021BDF /* buffer.h in Headers */ = {isa = PBXBuildFile; fileRef = F8D67E891B7BB7DA00021BDF /* buffer.h */; };
		F8D67EC31B7BB7DA00021BDF /* buffer.h in Headers */ = {isa = PBXBuildFile; fileRef = F8D67E891B7BB7DA00021BDF /* buffer.h */; settings = {ATTRIBUTES = (Public, ); }; };
		F8D67EC41B7BB7DA00021BDF /* checkout.h in Headers */ = {isa = PBXBuildFile; fileRef = F8D67E8A1B7BB7DA00021BDF /* checkout.h */; };
		F8D67EC51B7BB7DA00021BDF /* checkout.h in Headers */ = {isa = PBXBuildFile; fileRef = F8D67E8A1B7BB7DA00021BDF /* checkout.h */; settings = {ATTRIBUTES = (Public, ); }; };
		F8D67EC61B7BB7DA00021BDF /* cherrypick.h in Headers */ = {isa = PBXBuildFile; fileRef = F8D67E8B1B7BB7DA00021BDF /* cherrypick.h */; };
		F8D67EC71B7BB7DA00021BDF /* cherrypick.h in Headers */ = {isa = PBXBuildFile; fileRef = F8D67E8B1B7BB7DA00021BDF /* cherrypick.h */; settings = {ATTRIBUTES = (Public, ); }; };
		F8D67EC81B7BB7DA00021BDF /* clone.h in Headers */ = {isa = PBXBuildFile; fileRef = F8D67E8C1B7BB7DA00021BDF /* clone.h */; };
		F8D67EC91B7BB7DA00021BDF /* clone.h in Headers */ = {isa = PBXBuildFile; fileRef = F8D67E8C1B7BB7DA00021BDF /* clone.h */; settings = {ATTRIBUTES = (Public, ); }; };
		F8D67ECA1B7BB7DA00021BDF /* commit.h in Headers */ = {isa = PBXBuildFile; fileRef = F8D67E8D1B7BB7DA00021BDF /* commit.h */; };
		F8D67ECB1B7BB7DA00021BDF /* commit.h in Headers */ = {isa = PBXBuildFile; fileRef = F8D67E8D1B7BB7DA00021BDF /* commit.h */; settings = {ATTRIBUTES = (Public, ); }; };
		F8D67ECC1B7BB7DA00021BDF /* common.h in Headers */ = {isa = PBXBuildFile; fileRef = F8D67E8E1B7BB7DA00021BDF /* common.h */; };
		F8D67ECD1B7BB7DA00021BDF /* common.h in Headers */ = {isa = PBXBuildFile; fileRef = F8D67E8E1B7BB7DA00021BDF /* common.h */; settings = {ATTRIBUTES = (Public, ); }; };
		F8D67ECE1B7BB7DA00021BDF /* config.h in Headers */ = {isa = PBXBuildFile; fileRef = F8D67E8F1B7BB7DA00021BDF /* config.h */; };
		F8D67ECF1B7BB7DA00021BDF /* config.h in Headers */ = {isa = PBXBuildFile; fileRef = F8D67E8F1B7BB7DA00021BDF /* config.h */; settings = {ATTRIBUTES = (Public, ); }; };
		F8D67ED01B7BB7DA00021BDF /* cred_helpers.h in Headers */ = {isa = PBXBuildFile; fileRef = F8D67E901B7BB7DA00021BDF /* cred_helpers.h */; };
		F8D67ED11B7BB7DA00021BDF /* cred_helpers.h in Headers */ = {isa = PBXBuildFile; fileRef = F8D67E901B7BB7DA00021BDF /* cred_helpers.h */; settings = {ATTRIBUTES = (Public, ); }; };
		F8D67ED21B7BB7DA00021BDF /* describe.h in Headers */ = {isa = PBXBuildFile; fileRef = F8D67E911B7BB7DA00021BDF /* describe.h */; };
		F8D67ED31B7BB7DA00021BDF /* describe.h in Headers */ = {isa = PBXBuildFile; fileRef = F8D67E911B7BB7DA00021BDF /* describe.h */; settings = {ATTRIBUTES = (Public, ); }; };
		F8D67ED41B7BB7DA00021BDF /* diff.h in Headers */ = {isa = PBXBuildFile; fileRef = F8D67E921B7BB7DA00021BDF /* diff.h */; };
		F8D67ED51B7BB7DA00021BDF /* diff.h in Headers */ = {isa = PBXBuildFile; fileRef = F8D67E921B7BB7DA00021BDF /* diff.h */; settings = {ATTRIBUTES = (Public, ); }; };
		F8D67ED61B7BB7DA00021BDF /* errors.h in Headers */ = {isa = PBXBuildFile; fileRef = F8D67E931B7BB7DA00021BDF /* errors.h */; };
		F8D67ED71B7BB7DA00021BDF /* errors.h in Headers */ = {isa = PBXBuildFile; fileRef = F8D67E931B7BB7DA00021BDF /* errors.h */; settings = {ATTRIBUTES = (Public, ); }; };
		F8D67ED81B7BB7DA00021BDF /* filter.h in Headers */ = {isa = PBXBuildFile; fileRef = F8D67E941B7BB7DA00021BDF /* filter.h */; };
		F8D67ED91B7BB7DA00021BDF /* filter.h in Headers */ = {isa = PBXBuildFile; fileRef = F8D67E941B7BB7DA00021BDF /* filter.h */; settings = {ATTRIBUTES = (Public, ); }; };
		F8D67EDA1B7BB7DA00021BDF /* global.h in Headers */ = {isa = PBXBuildFile; fileRef = F8D67E951B7BB7DA00021BDF /* global.h */; };
		F8D67EDB1B7BB7DA00021BDF /* global.h in Headers */ = {isa = PBXBuildFile; fileRef = F8D67E951B7BB7DA00021BDF /* global.h */; settings = {ATTRIBUTES = (Public, ); }; };
		F8D67EDC1B7BB7DA00021BDF /* graph.h in Headers */ = {isa = PBXBuildFile; fileRef = F8D67E961B7BB7DA00021BDF /* graph.h */; };
		F8D67EDD1B7BB7DA00021BDF /* graph.h in Headers */ = {isa = PBXBuildFile; fileRef = F8D67E961B7BB7DA00021BDF /* graph.h */; settings = {ATTRIBUTES = (Public, ); }; };
		F8D67EDE1B7BB7DA00021BDF /* ignore.h in Headers */ = {isa = PBXBuildFile; fileRef = F8D67E971B7BB7DA00021BDF /* ignore.h */; };
		F8D67EDF1B7BB7DA00021BDF /* ignore.h in Headers */ = {isa = PBXBuildFile; fileRef = F8D67E971B7BB7DA00021BDF /* ignore.h */; settings = {ATTRIBUTES = (Public, ); }; };
		F8D67EE01B7BB7DA00021BDF /* index.h in Headers */ = {isa = PBXBuildFile; fileRef = F8D67E981B7BB7DA00021BDF /* index.h */; };
		F8D67EE11B7BB7DA00021BDF /* index.h in Headers */ = {isa = PBXBuildFile; fileRef = F8D67E981B7BB7DA00021BDF /* index.h */; settings = {ATTRIBUTES = (Public, ); }; };
		F8D67EE21B7BB7DA00021BDF /* indexer.h in Headers */ = {isa = PBXBuildFile; fileRef = F8D67E991B7BB7DA00021BDF /* indexer.h */; };
		F8D67EE31B7BB7DA00021BDF /* indexer.h in Headers */ = {isa = PBXBuildFile; fileRef = F8D67E991B7BB7DA00021BDF /* indexer.h */; settings = {ATTRIBUTES = (Public, ); }; };
		F8D67EE41B7BB7DA00021BDF /* inttypes.h in Headers */ = {isa = PBXBuildFile; fileRef = F8D67E9A1B7BB7DA00021BDF /* inttypes.h */; };
		F8D67EE51B7BB7DA00021BDF /* inttypes.h in Headers */ = {isa = PBXBuildFile; fileRef = F8D67E9A1B7BB7DA00021BDF /* inttypes.h */; settings = {ATTRIBUTES = (Public, ); }; };
		F8D67EE61B7BB7DA00021BDF /* merge.h in Headers */ = {isa = PBXBuildFile; fileRef = F8D67E9B1B7BB7DA00021BDF /* merge.h */; };
		F8D67EE71B7BB7DA00021BDF /* merge.h in Headers */ = {isa = PBXBuildFile; fileRef = F8D67E9B1B7BB7DA00021BDF /* merge.h */; settings = {ATTRIBUTES = (Public, ); }; };
		F8D67EE81B7BB7DA00021BDF /* message.h in Headers */ = {isa = PBXBuildFile; fileRef = F8D67E9C1B7BB7DA00021BDF /* message.h */; };
		F8D67EE91B7BB7DA00021BDF /* message.h in Headers */ = {isa = PBXBuildFile; fileRef = F8D67E9C1B7BB7DA00021BDF /* message.h */; settings = {ATTRIBUTES = (Public, ); }; };
		F8D67EEA1B7BB7DA00021BDF /* net.h in Headers */ = {isa = PBXBuildFile; fileRef = F8D67E9D1B7BB7DA00021BDF /* net.h */; };
		F8D67EEB1B7BB7DA00021BDF /* net.h in Headers */ = {isa = PBXBuildFile; fileRef = F8D67E9D1B7BB7DA00021BDF /* net.h */; settings = {ATTRIBUTES = (Public, ); }; };
		F8D67EEC1B7BB7DA00021BDF /* notes.h in Headers */ = {isa = PBXBuildFile; fileRef = F8D67E9E1B7BB7DA00021BDF /* notes.h */; };
		F8D67EED1B7BB7DA00021BDF /* notes.h in Headers */ = {isa = PBXBuildFile; fileRef = F8D67E9E1B7BB7DA00021BDF /* notes.h */; settings = {ATTRIBUTES = (Public, ); }; };
		F8D67EEE1B7BB7DA00021BDF /* object.h in Headers */ = {isa = PBXBuildFile; fileRef = F8D67E9F1B7BB7DA00021BDF /* object.h */; };
		F8D67EEF1B7BB7DA00021BDF /* object.h in Headers */ = {isa = PBXBuildFile; fileRef = F8D67E9F1B7BB7DA00021BDF /* object.h */; settings = {ATTRIBUTES = (Public, ); }; };
		F8D67EF01B7BB7DA00021BDF /* odb_backend.h in Headers */ = {isa = PBXBuildFile; fileRef = F8D67EA01B7BB7DA00021BDF /* odb_backend.h */; };
		F8D67EF11B7BB7DA00021BDF /* odb_backend.h in Headers */ = {isa = PBXBuildFile; fileRef = F8D67EA01B7BB7DA00021BDF /* odb_backend.h */; settings = {ATTRIBUTES = (Public, ); }; };
		F8D67EF21B7BB7DA00021BDF /* odb.h in Headers */ = {isa = PBXBuildFile; fileRef = F8D67EA11B7BB7DA00021BDF /* odb.h */; };
		F8D67EF31B7BB7DA00021BDF /* odb.h in Headers */ = {isa = PBXBuildFile; fileRef = F8D67EA11B7BB7DA00021BDF /* odb.h */; settings = {ATTRIBUTES = (Public, ); }; };
		F8D67EF41B7BB7DA00021BDF /* oid.h in Headers */ = {isa = PBXBuildFile; fileRef = F8D67EA21B7BB7DA00021BDF /* oid.h */; };
		F8D67EF51B7BB7DA00021BDF /* oid.h in Headers */ = {isa = PBXBuildFile; fileRef = F8D67EA21B7BB7DA00021BDF /* oid.h */; settings = {ATTRIBUTES = (Public, ); }; };
		F8D67EF61B7BB7DA00021BDF /* oidarray.h in Headers */ = {isa = PBXBuildFile; fileRef = F8D67EA31B7BB7DA00021BDF /* oidarray.h */; };
		F8D67EF71B7BB7DA00021BDF /* oidarray.h in Headers */ = {isa = PBXBuildFile; fileRef = F8D67EA31B7BB7DA00021BDF /* oidarray.h */; settings = {ATTRIBUTES = (Public, ); }; };
		F8D67EF81B7BB7DA00021BDF /* pack.h in Headers */ = {isa = PBXBuildFile; fileRef = F8D67EA41B7BB7DA00021BDF /* pack.h */; };
		F8D67EF91B7BB7DA00021BDF /* pack.h in Headers */ = {isa = PBXBuildFile; fileRef = F8D67EA41B7BB7DA00021BDF /* pack.h */; settings = {ATTRIBUTES = (Public, ); }; };
		F8D67EFA1B7BB7DA00021BDF /* patch.h in Headers */ = {isa = PBXBuildFile; fileRef = F8D67EA51B7BB7DA00021BDF /* patch.h */; };
		F8D67EFB1B7BB7DA00021BDF /* patch.h in Headers */ = {isa = PBXBuildFile; fileRef = F8D67EA51B7BB7DA00021BDF /* patch.h */; settings = {ATTRIBUTES = (Public, ); }; };
		F8D67EFC1B7BB7DA00021BDF /* pathspec.h in Headers */ = {isa = PBXBuildFile; fileRef = F8D67EA61B7BB7DA00021BDF /* pathspec.h */; };
		F8D67EFD1B7BB7DA00021BDF /* pathspec.h in Headers */ = {isa = PBXBuildFile; fileRef = F8D67EA61B7BB7DA00021BDF /* pathspec.h */; settings = {ATTRIBUTES = (Public, ); }; };
		F8D67EFE1B7BB7DA00021BDF /* rebase.h in Headers */ = {isa = PBXBuildFile; fileRef = F8D67EA71B7BB7DA00021BDF /* rebase.h */; };
		F8D67EFF1B7BB7DA00021BDF /* rebase.h in Headers */ = {isa = PBXBuildFile; fileRef = F8D67EA71B7BB7DA00021BDF /* rebase.h */; settings = {ATTRIBUTES = (Public, ); }; };
		F8D67F001B7BB7DA00021BDF /* refdb.h in Headers */ = {isa = PBXBuildFile; fileRef = F8D67EA81B7BB7DA00021BDF /* refdb.h */; };
		F8D67F011B7BB7DA00021BDF /* refdb.h in Headers */ = {isa = PBXBuildFile; fileRef = F8D67EA81B7BB7DA00021BDF /* refdb.h */; settings = {ATTRIBUTES = (Public, ); }; };
		F8D67F021B7BB7DA00021BDF /* reflog.h in Headers */ = {isa = PBXBuildFile; fileRef = F8D67EA91B7BB7DA00021BDF /* reflog.h */; };
		F8D67F031B7BB7DA00021BDF /* reflog.h in Headers */ = {isa = PBXBuildFile; fileRef = F8D67EA91B7BB7DA00021BDF /* reflog.h */; settings = {ATTRIBUTES = (Public, ); }; };
		F8D67F041B7BB7DA00021BDF /* refs.h in Headers */ = {isa = PBXBuildFile; fileRef = F8D67EAA1B7BB7DA00021BDF /* refs.h */; };
		F8D67F051B7BB7DA00021BDF /* refs.h in Headers */ = {isa = PBXBuildFile; fileRef = F8D67EAA1B7BB7DA00021BDF /* refs.h */; settings = {ATTRIBUTES = (Public, ); }; };
		F8D67F061B7BB7DA00021BDF /* refspec.h in Headers */ = {isa = PBXBuildFile; fileRef = F8D67EAB1B7BB7DA00021BDF /* refspec.h */; };
		F8D67F071B7BB7DA00021BDF /* refspec.h in Headers */ = {isa = PBXBuildFile; fileRef = F8D67EAB1B7BB7DA00021BDF /* refspec.h */; settings = {ATTRIBUTES = (Public, ); }; };
		F8D67F081B7BB7DA00021BDF /* remote.h in Headers */ = {isa = PBXBuildFile; fileRef = F8D67EAC1B7BB7DA00021BDF /* remote.h */; };
		F8D67F091B7BB7DA00021BDF /* remote.h in Headers */ = {isa = PBXBuildFile; fileRef = F8D67EAC1B7BB7DA00021BDF /* remote.h */; settings = {ATTRIBUTES = (Public, ); }; };
		F8D67F0A1B7BB7DA00021BDF /* repository.h in Headers */ = {isa = PBXBuildFile; fileRef = F8D67EAD1B7BB7DA00021BDF /* repository.h */; };
		F8D67F0B1B7BB7DA00021BDF /* repository.h in Headers */ = {isa = PBXBuildFile; fileRef = F8D67EAD1B7BB7DA00021BDF /* repository.h */; settings = {ATTRIBUTES = (Public, ); }; };
		F8D67F0C1B7BB7DA00021BDF /* reset.h in Headers */ = {isa = PBXBuildFile; fileRef = F8D67EAE1B7BB7DA00021BDF /* reset.h */; };
		F8D67F0D1B7BB7DA00021BDF /* reset.h in Headers */ = {isa = PBXBuildFile; fileRef = F8D67EAE1B7BB7DA00021BDF /* reset.h */; settings = {ATTRIBUTES = (Public, ); }; };
		F8D67F0E1B7BB7DA00021BDF /* revert.h in Headers */ = {isa = PBXBuildFile; fileRef = F8D67EAF1B7BB7DA00021BDF /* revert.h */; };
		F8D67F0F1B7BB7DA00021BDF /* revert.h in Headers */ = {isa = PBXBuildFile; fileRef = F8D67EAF1B7BB7DA00021BDF /* revert.h */; settings = {ATTRIBUTES = (Public, ); }; };
		F8D67F101B7BB7DA00021BDF /* revparse.h in Headers */ = {isa = PBXBuildFile; fileRef = F8D67EB01B7BB7DA00021BDF /* revparse.h */; };
		F8D67F111B7BB7DA00021BDF /* revparse.h in Headers */ = {isa = PBXBuildFile; fileRef = F8D67EB01B7BB7DA00021BDF /* revparse.h */; settings = {ATTRIBUTES = (Public, ); }; };
		F8D67F121B7BB7DA00021BDF /* revwalk.h in Headers */ = {isa = PBXBuildFile; fileRef = F8D67EB11B7BB7DA00021BDF /* revwalk.h */; };
		F8D67F131B7BB7DA00021BDF /* revwalk.h in Headers */ = {isa = PBXBuildFile; fileRef = F8D67EB11B7BB7DA00021BDF /* revwalk.h */; settings = {ATTRIBUTES = (Public, ); }; };
		F8D67F141B7BB7DA00021BDF /* signature.h in Headers */ = {isa = PBXBuildFile; fileRef = F8D67EB21B7BB7DA00021BDF /* signature.h */; };
		F8D67F151B7BB7DA00021BDF /* signature.h in Headers */ = {isa = PBXBuildFile; fileRef = F8D67EB21B7BB7DA00021BDF /* signature.h */; settings = {ATTRIBUTES = (Public, ); }; };
		F8D67F161B7BB7DA00021BDF /* stash.h in Headers */ = {isa = PBXBuildFile; fileRef = F8D67EB31B7BB7DA00021BDF /* stash.h */; };
		F8D67F171B7BB7DA00021BDF /* stash.h in Headers */ = {isa = PBXBuildFile; fileRef = F8D67EB31B7BB7DA00021BDF /* stash.h */; settings = {ATTRIBUTES = (Public, ); }; };
		F8D67F181B7BB7DA00021BDF /* status.h in Headers */ = {isa = PBXBuildFile; fileRef = F8D67EB41B7BB7DA00021BDF /* status.h */; };
		F8D67F191B7BB7DA00021BDF /* status.h in Headers */ = {isa = PBXBuildFile; fileRef = F8D67EB41B7BB7DA00021BDF /* status.h */; settings = {ATTRIBUTES = (Public, ); }; };
		F8D67F1A1B7BB7DA00021BDF /* stdint.h in Headers */ = {isa = PBXBuildFile; fileRef = F8D67EB51B7BB7DA00021BDF /* stdint.h */; };
		F8D67F1B1B7BB7DA00021BDF /* stdint.h in Headers */ = {isa = PBXBuildFile; fileRef = F8D67EB51B7BB7DA00021BDF /* stdint.h */; settings = {ATTRIBUTES = (Public, ); }; };
		F8D67F1C1B7BB7DA00021BDF /* strarray.h in Headers */ = {isa = PBXBuildFile; fileRef = F8D67EB61B7BB7DA00021BDF /* strarray.h */; };
		F8D67F1D1B7BB7DA00021BDF /* strarray.h in Headers */ = {isa = PBXBuildFile; fileRef = F8D67EB61B7BB7DA00021BDF /* strarray.h */; settings = {ATTRIBUTES = (Public, ); }; };
		F8D67F1E1B7BB7DA00021BDF /* submodule.h in Headers */ = {isa = PBXBuildFile; fileRef = F8D67EB71B7BB7DA00021BDF /* submodule.h */; };
		F8D67F1F1B7BB7DA00021BDF /* submodule.h in Headers */ = {isa = PBXBuildFile; fileRef = F8D67EB71B7BB7DA00021BDF /* submodule.h */; settings = {ATTRIBUTES = (Public, ); }; };
		F8D67F271B7BB7E800021BDF /* tag.h in Headers */ = {isa = PBXBuildFile; fileRef = F8D67F201B7BB7E800021BDF /* tag.h */; };
		F8D67F281B7BB7E800021BDF /* tag.h in Headers */ = {isa = PBXBuildFile; fileRef = F8D67F201B7BB7E800021BDF /* tag.h */; settings = {ATTRIBUTES = (Public, ); }; };
		F8D67F291B7BB7E800021BDF /* trace.h in Headers */ = {isa = PBXBuildFile; fileRef = F8D67F211B7BB7E800021BDF /* trace.h */; };
		F8D67F2A1B7BB7E800021BDF /* trace.h in Headers */ = {isa = PBXBuildFile; fileRef = F8D67F211B7BB7E800021BDF /* trace.h */; settings = {ATTRIBUTES = (Public, ); }; };
		F8D67F2B1B7BB7E800021BDF /* transaction.h in Headers */ = {isa = PBXBuildFile; fileRef = F8D67F221B7BB7E800021BDF /* transaction.h */; };
		F8D67F2C1B7BB7E800021BDF /* transaction.h in Headers */ = {isa = PBXBuildFile; fileRef = F8D67F221B7BB7E800021BDF /* transaction.h */; settings = {ATTRIBUTES = (Public, ); }; };
		F8D67F2D1B7BB7E800021BDF /* transport.h in Headers */ = {isa = PBXBuildFile; fileRef = F8D67F231B7BB7E800021BDF /* transport.h */; };
		F8D67F2E1B7BB7E800021BDF /* transport.h in Headers */ = {isa = PBXBuildFile; fileRef = F8D67F231B7BB7E800021BDF /* transport.h */; settings = {ATTRIBUTES = (Public, ); }; };
		F8D67F2F1B7BB7E800021BDF /* tree.h in Headers */ = {isa = PBXBuildFile; fileRef = F8D67F241B7BB7E800021BDF /* tree.h */; };
		F8D67F301B7BB7E800021BDF /* tree.h in Headers */ = {isa = PBXBuildFile; fileRef = F8D67F241B7BB7E800021BDF /* tree.h */; settings = {ATTRIBUTES = (Public, ); }; };
		F8D67F311B7BB7E800021BDF /* types.h in Headers */ = {isa = PBXBuildFile; fileRef = F8D67F251B7BB7E800021BDF /* types.h */; };
		F8D67F321B7BB7E800021BDF /* types.h in Headers */ = {isa = PBXBuildFile; fileRef = F8D67F251B7BB7E800021BDF /* types.h */; settings = {ATTRIBUTES = (Public, ); }; };
		F8D67F331B7BB7E800021BDF /* version.h in Headers */ = {isa = PBXBuildFile; fileRef = F8D67F261B7BB7E800021BDF /* version.h */; };
		F8D67F341B7BB7E800021BDF /* version.h in Headers */ = {isa = PBXBuildFile; fileRef = F8D67F261B7BB7E800021BDF /* version.h */; settings = {ATTRIBUTES = (Public, ); }; };
/* End PBXBuildFile section */

/* Begin PBXFileReference section */
		F8D67E341B7BA85D00021BDF /* git2.framework */ = {isa = PBXFileReference; explicitFileType = wrapper.framework; includeInIndex = 0; path = git2.framework; sourceTree = BUILT_PRODUCTS_DIR; };
		F8D67E371B7BA85D00021BDF /* git2.h */ = {isa = PBXFileReference; lastKnownFileType = sourcecode.c.h; path = git2.h; sourceTree = "<group>"; };
		F8D67E391B7BA85D00021BDF /* Info.plist */ = {isa = PBXFileReference; lastKnownFileType = text.plist.xml; path = Info.plist; sourceTree = "<group>"; };
		F8D67E441B7BAA4900021BDF /* git2.framework */ = {isa = PBXFileReference; explicitFileType = wrapper.framework; includeInIndex = 0; path = git2.framework; sourceTree = BUILT_PRODUCTS_DIR; };
		F8D67E461B7BAA4900021BDF /* git2.h */ = {isa = PBXFileReference; lastKnownFileType = sourcecode.c.h; path = git2.h; sourceTree = "<group>"; };
		F8D67E481B7BAA4900021BDF /* Info.plist */ = {isa = PBXFileReference; lastKnownFileType = text.plist.xml; path = Info.plist; sourceTree = "<group>"; };
		F8D67E7E1B7BB79E00021BDF /* git2.h */ = {isa = PBXFileReference; fileEncoding = 4; lastKnownFileType = sourcecode.c.h; name = git2.h; path = libgit2/include/git2.h; sourceTree = "<group>"; };
		F8D67E841B7BB7DA00021BDF /* annotated_commit.h */ = {isa = PBXFileReference; fileEncoding = 4; lastKnownFileType = sourcecode.c.h; name = annotated_commit.h; path = libgit2/include/git2/annotated_commit.h; sourceTree = "<group>"; };
		F8D67E851B7BB7DA00021BDF /* attr.h */ = {isa = PBXFileReference; fileEncoding = 4; lastKnownFileType = sourcecode.c.h; name = attr.h; path = libgit2/include/git2/attr.h; sourceTree = "<group>"; };
		F8D67E861B7BB7DA00021BDF /* blame.h */ = {isa = PBXFileReference; fileEncoding = 4; lastKnownFileType = sourcecode.c.h; name = blame.h; path = libgit2/include/git2/blame.h; sourceTree = "<group>"; };
		F8D67E871B7BB7DA00021BDF /* blob.h */ = {isa = PBXFileReference; fileEncoding = 4; lastKnownFileType = sourcecode.c.h; name = blob.h; path = libgit2/include/git2/blob.h; sourceTree = "<group>"; };
		F8D67E881B7BB7DA00021BDF /* branch.h */ = {isa = PBXFileReference; fileEncoding = 4; lastKnownFileType = sourcecode.c.h; name = branch.h; path = libgit2/include/git2/branch.h; sourceTree = "<group>"; };
		F8D67E891B7BB7DA00021BDF /* buffer.h */ = {isa = PBXFileReference; fileEncoding = 4; lastKnownFileType = sourcecode.c.h; name = buffer.h; path = libgit2/include/git2/buffer.h; sourceTree = "<group>"; };
		F8D67E8A1B7BB7DA00021BDF /* checkout.h */ = {isa = PBXFileReference; fileEncoding = 4; lastKnownFileType = sourcecode.c.h; name = checkout.h; path = libgit2/include/git2/checkout.h; sourceTree = "<group>"; };
		F8D67E8B1B7BB7DA00021BDF /* cherrypick.h */ = {isa = PBXFileReference; fileEncoding = 4; lastKnownFileType = sourcecode.c.h; name = cherrypick.h; path = libgit2/include/git2/cherrypick.h; sourceTree = "<group>"; };
		F8D67E8C1B7BB7DA00021BDF /* clone.h */ = {isa = PBXFileReference; fileEncoding = 4; lastKnownFileType = sourcecode.c.h; name = clone.h; path = libgit2/include/git2/clone.h; sourceTree = "<group>"; };
		F8D67E8D1B7BB7DA00021BDF /* commit.h */ = {isa = PBXFileReference; fileEncoding = 4; lastKnownFileType = sourcecode.c.h; name = commit.h; path = libgit2/include/git2/commit.h; sourceTree = "<group>"; };
		F8D67E8E1B7BB7DA00021BDF /* common.h */ = {isa = PBXFileReference; fileEncoding = 4; lastKnownFileType = sourcecode.c.h; name = common.h; path = libgit2/include/git2/common.h; sourceTree = "<group>"; };
		F8D67E8F1B7BB7DA00021BDF /* config.h */ = {isa = PBXFileReference; fileEncoding = 4; lastKnownFileType = sourcecode.c.h; name = config.h; path = libgit2/include/git2/config.h; sourceTree = "<group>"; };
		F8D67E901B7BB7DA00021BDF /* cred_helpers.h */ = {isa = PBXFileReference; fileEncoding = 4; lastKnownFileType = sourcecode.c.h; name = cred_helpers.h; path = libgit2/include/git2/cred_helpers.h; sourceTree = "<group>"; };
		F8D67E911B7BB7DA00021BDF /* describe.h */ = {isa = PBXFileReference; fileEncoding = 4; lastKnownFileType = sourcecode.c.h; name = describe.h; path = libgit2/include/git2/describe.h; sourceTree = "<group>"; };
		F8D67E921B7BB7DA00021BDF /* diff.h */ = {isa = PBXFileReference; fileEncoding = 4; lastKnownFileType = sourcecode.c.h; name = diff.h; path = libgit2/include/git2/diff.h; sourceTree = "<group>"; };
		F8D67E931B7BB7DA00021BDF /* errors.h */ = {isa = PBXFileReference; fileEncoding = 4; lastKnownFileType = sourcecode.c.h; name = errors.h; path = libgit2/include/git2/errors.h; sourceTree = "<group>"; };
		F8D67E941B7BB7DA00021BDF /* filter.h */ = {isa = PBXFileReference; fileEncoding = 4; lastKnownFileType = sourcecode.c.h; name = filter.h; path = libgit2/include/git2/filter.h; sourceTree = "<group>"; };
		F8D67E951B7BB7DA00021BDF /* global.h */ = {isa = PBXFileReference; fileEncoding = 4; lastKnownFileType = sourcecode.c.h; name = global.h; path = libgit2/include/git2/global.h; sourceTree = "<group>"; };
		F8D67E961B7BB7DA00021BDF /* graph.h */ = {isa = PBXFileReference; fileEncoding = 4; lastKnownFileType = sourcecode.c.h; name = graph.h; path = libgit2/include/git2/graph.h; sourceTree = "<group>"; };
		F8D67E971B7BB7DA00021BDF /* ignore.h */ = {isa = PBXFileReference; fileEncoding = 4; lastKnownFileType = sourcecode.c.h; name = ignore.h; path = libgit2/include/git2/ignore.h; sourceTree = "<group>"; };
		F8D67E981B7BB7DA00021BDF /* index.h */ = {isa = PBXFileReference; fileEncoding = 4; lastKnownFileType = sourcecode.c.h; name = index.h; path = libgit2/include/git2/index.h; sourceTree = "<group>"; };
		F8D67E991B7BB7DA00021BDF /* indexer.h */ = {isa = PBXFileReference; fileEncoding = 4; lastKnownFileType = sourcecode.c.h; name = indexer.h; path = libgit2/include/git2/indexer.h; sourceTree = "<group>"; };
		F8D67E9A1B7BB7DA00021BDF /* inttypes.h */ = {isa = PBXFileReference; fileEncoding = 4; lastKnownFileType = sourcecode.c.h; name = inttypes.h; path = libgit2/include/git2/inttypes.h; sourceTree = "<group>"; };
		F8D67E9B1B7BB7DA00021BDF /* merge.h */ = {isa = PBXFileReference; fileEncoding = 4; lastKnownFileType = sourcecode.c.h; name = merge.h; path = libgit2/include/git2/merge.h; sourceTree = "<group>"; };
		F8D67E9C1B7BB7DA00021BDF /* message.h */ = {isa = PBXFileReference; fileEncoding = 4; lastKnownFileType = sourcecode.c.h; name = message.h; path = libgit2/include/git2/message.h; sourceTree = "<group>"; };
		F8D67E9D1B7BB7DA00021BDF /* net.h */ = {isa = PBXFileReference; fileEncoding = 4; lastKnownFileType = sourcecode.c.h; name = net.h; path = libgit2/include/git2/net.h; sourceTree = "<group>"; };
		F8D67E9E1B7BB7DA00021BDF /* notes.h */ = {isa = PBXFileReference; fileEncoding = 4; lastKnownFileType = sourcecode.c.h; name = notes.h; path = libgit2/include/git2/notes.h; sourceTree = "<group>"; };
		F8D67E9F1B7BB7DA00021BDF /* object.h */ = {isa = PBXFileReference; fileEncoding = 4; lastKnownFileType = sourcecode.c.h; name = object.h; path = libgit2/include/git2/object.h; sourceTree = "<group>"; };
		F8D67EA01B7BB7DA00021BDF /* odb_backend.h */ = {isa = PBXFileReference; fileEncoding = 4; lastKnownFileType = sourcecode.c.h; name = odb_backend.h; path = libgit2/include/git2/odb_backend.h; sourceTree = "<group>"; };
		F8D67EA11B7BB7DA00021BDF /* odb.h */ = {isa = PBXFileReference; fileEncoding = 4; lastKnownFileType = sourcecode.c.h; name = odb.h; path = libgit2/include/git2/odb.h; sourceTree = "<group>"; };
		F8D67EA21B7BB7DA00021BDF /* oid.h */ = {isa = PBXFileReference; fileEncoding = 4; lastKnownFileType = sourcecode.c.h; name = oid.h; path = libgit2/include/git2/oid.h; sourceTree = "<group>"; };
		F8D67EA31B7BB7DA00021BDF /* oidarray.h */ = {isa = PBXFileReference; fileEncoding = 4; lastKnownFileType = sourcecode.c.h; name = oidarray.h; path = libgit2/include/git2/oidarray.h; sourceTree = "<group>"; };
		F8D67EA41B7BB7DA00021BDF /* pack.h */ = {isa = PBXFileReference; fileEncoding = 4; lastKnownFileType = sourcecode.c.h; name = pack.h; path = libgit2/include/git2/pack.h; sourceTree = "<group>"; };
		F8D67EA51B7BB7DA00021BDF /* patch.h */ = {isa = PBXFileReference; fileEncoding = 4; lastKnownFileType = sourcecode.c.h; name = patch.h; path = libgit2/include/git2/patch.h; sourceTree = "<group>"; };
		F8D67EA61B7BB7DA00021BDF /* pathspec.h */ = {isa = PBXFileReference; fileEncoding = 4; lastKnownFileType = sourcecode.c.h; name = pathspec.h; path = libgit2/include/git2/pathspec.h; sourceTree = "<group>"; };
		F8D67EA71B7BB7DA00021BDF /* rebase.h */ = {isa = PBXFileReference; fileEncoding = 4; lastKnownFileType = sourcecode.c.h; name = rebase.h; path = libgit2/include/git2/rebase.h; sourceTree = "<group>"; };
		F8D67EA81B7BB7DA00021BDF /* refdb.h */ = {isa = PBXFileReference; fileEncoding = 4; lastKnownFileType = sourcecode.c.h; name = refdb.h; path = libgit2/include/git2/refdb.h; sourceTree = "<group>"; };
		F8D67EA91B7BB7DA00021BDF /* reflog.h */ = {isa = PBXFileReference; fileEncoding = 4; lastKnownFileType = sourcecode.c.h; name = reflog.h; path = libgit2/include/git2/reflog.h; sourceTree = "<group>"; };
		F8D67EAA1B7BB7DA00021BDF /* refs.h */ = {isa = PBXFileReference; fileEncoding = 4; lastKnownFileType = sourcecode.c.h; name = refs.h; path = libgit2/include/git2/refs.h; sourceTree = "<group>"; };
		F8D67EAB1B7BB7DA00021BDF /* refspec.h */ = {isa = PBXFileReference; fileEncoding = 4; lastKnownFileType = sourcecode.c.h; name = refspec.h; path = libgit2/include/git2/refspec.h; sourceTree = "<group>"; };
		F8D67EAC1B7BB7DA00021BDF /* remote.h */ = {isa = PBXFileReference; fileEncoding = 4; lastKnownFileType = sourcecode.c.h; name = remote.h; path = libgit2/include/git2/remote.h; sourceTree = "<group>"; };
		F8D67EAD1B7BB7DA00021BDF /* repository.h */ = {isa = PBXFileReference; fileEncoding = 4; lastKnownFileType = sourcecode.c.h; name = repository.h; path = libgit2/include/git2/repository.h; sourceTree = "<group>"; };
		F8D67EAE1B7BB7DA00021BDF /* reset.h */ = {isa = PBXFileReference; fileEncoding = 4; lastKnownFileType = sourcecode.c.h; name = reset.h; path = libgit2/include/git2/reset.h; sourceTree = "<group>"; };
		F8D67EAF1B7BB7DA00021BDF /* revert.h */ = {isa = PBXFileReference; fileEncoding = 4; lastKnownFileType = sourcecode.c.h; name = revert.h; path = libgit2/include/git2/revert.h; sourceTree = "<group>"; };
		F8D67EB01B7BB7DA00021BDF /* revparse.h */ = {isa = PBXFileReference; fileEncoding = 4; lastKnownFileType = sourcecode.c.h; name = revparse.h; path = libgit2/include/git2/revparse.h; sourceTree = "<group>"; };
		F8D67EB11B7BB7DA00021BDF /* revwalk.h */ = {isa = PBXFileReference; fileEncoding = 4; lastKnownFileType = sourcecode.c.h; name = revwalk.h; path = libgit2/include/git2/revwalk.h; sourceTree = "<group>"; };
		F8D67EB21B7BB7DA00021BDF /* signature.h */ = {isa = PBXFileReference; fileEncoding = 4; lastKnownFileType = sourcecode.c.h; name = signature.h; path = libgit2/include/git2/signature.h; sourceTree = "<group>"; };
		F8D67EB31B7BB7DA00021BDF /* stash.h */ = {isa = PBXFileReference; fileEncoding = 4; lastKnownFileType = sourcecode.c.h; name = stash.h; path = libgit2/include/git2/stash.h; sourceTree = "<group>"; };
		F8D67EB41B7BB7DA00021BDF /* status.h */ = {isa = PBXFileReference; fileEncoding = 4; lastKnownFileType = sourcecode.c.h; name = status.h; path = libgit2/include/git2/status.h; sourceTree = "<group>"; };
		F8D67EB51B7BB7DA00021BDF /* stdint.h */ = {isa = PBXFileReference; fileEncoding = 4; lastKnownFileType = sourcecode.c.h; name = stdint.h; path = libgit2/include/git2/stdint.h; sourceTree = "<group>"; };
		F8D67EB61B7BB7DA00021BDF /* strarray.h */ = {isa = PBXFileReference; fileEncoding = 4; lastKnownFileType = sourcecode.c.h; name = strarray.h; path = libgit2/include/git2/strarray.h; sourceTree = "<group>"; };
		F8D67EB71B7BB7DA00021BDF /* submodule.h */ = {isa = PBXFileReference; fileEncoding = 4; lastKnownFileType = sourcecode.c.h; name = submodule.h; path = libgit2/include/git2/submodule.h; sourceTree = "<group>"; };
		F8D67F201B7BB7E800021BDF /* tag.h */ = {isa = PBXFileReference; fileEncoding = 4; lastKnownFileType = sourcecode.c.h; name = tag.h; path = libgit2/include/git2/tag.h; sourceTree = "<group>"; };
		F8D67F211B7BB7E800021BDF /* trace.h */ = {isa = PBXFileReference; fileEncoding = 4; lastKnownFileType = sourcecode.c.h; name = trace.h; path = libgit2/include/git2/trace.h; sourceTree = "<group>"; };
		F8D67F221B7BB7E800021BDF /* transaction.h */ = {isa = PBXFileReference; fileEncoding = 4; lastKnownFileType = sourcecode.c.h; name = transaction.h; path = libgit2/include/git2/transaction.h; sourceTree = "<group>"; };
		F8D67F231B7BB7E800021BDF /* transport.h */ = {isa = PBXFileReference; fileEncoding = 4; lastKnownFileType = sourcecode.c.h; name = transport.h; path = libgit2/include/git2/transport.h; sourceTree = "<group>"; };
		F8D67F241B7BB7E800021BDF /* tree.h */ = {isa = PBXFileReference; fileEncoding = 4; lastKnownFileType = sourcecode.c.h; name = tree.h; path = libgit2/include/git2/tree.h; sourceTree = "<group>"; };
		F8D67F251B7BB7E800021BDF /* types.h */ = {isa = PBXFileReference; fileEncoding = 4; lastKnownFileType = sourcecode.c.h; name = types.h; path = libgit2/include/git2/types.h; sourceTree = "<group>"; };
		F8D67F261B7BB7E800021BDF /* version.h */ = {isa = PBXFileReference; fileEncoding = 4; lastKnownFileType = sourcecode.c.h; name = version.h; path = libgit2/include/git2/version.h; sourceTree = "<group>"; };
		F8D67F361B7BB81100021BDF /* commit.h */ = {isa = PBXFileReference; fileEncoding = 4; lastKnownFileType = sourcecode.c.h; name = commit.h; path = libgit2/include/git2/sys/commit.h; sourceTree = "<group>"; };
		F8D67F371B7BB81100021BDF /* config.h */ = {isa = PBXFileReference; fileEncoding = 4; lastKnownFileType = sourcecode.c.h; name = config.h; path = libgit2/include/git2/sys/config.h; sourceTree = "<group>"; };
		F8D67F381B7BB81100021BDF /* diff.h */ = {isa = PBXFileReference; fileEncoding = 4; lastKnownFileType = sourcecode.c.h; name = diff.h; path = libgit2/include/git2/sys/diff.h; sourceTree = "<group>"; };
		F8D67F391B7BB81100021BDF /* filter.h */ = {isa = PBXFileReference; fileEncoding = 4; lastKnownFileType = sourcecode.c.h; name = filter.h; path = libgit2/include/git2/sys/filter.h; sourceTree = "<group>"; };
		F8D67F3A1B7BB81100021BDF /* hashsig.h */ = {isa = PBXFileReference; fileEncoding = 4; lastKnownFileType = sourcecode.c.h; name = hashsig.h; path = libgit2/include/git2/sys/hashsig.h; sourceTree = "<group>"; };
		F8D67F3B1B7BB81100021BDF /* index.h */ = {isa = PBXFileReference; fileEncoding = 4; lastKnownFileType = sourcecode.c.h; name = index.h; path = libgit2/include/git2/sys/index.h; sourceTree = "<group>"; };
		F8D67F3C1B7BB81100021BDF /* mempack.h */ = {isa = PBXFileReference; fileEncoding = 4; lastKnownFileType = sourcecode.c.h; name = mempack.h; path = libgit2/include/git2/sys/mempack.h; sourceTree = "<group>"; };
		F8D67F3D1B7BB81100021BDF /* odb_backend.h */ = {isa = PBXFileReference; fileEncoding = 4; lastKnownFileType = sourcecode.c.h; name = odb_backend.h; path = libgit2/include/git2/sys/odb_backend.h; sourceTree = "<group>"; };
		F8D67F3E1B7BB81100021BDF /* openssl.h */ = {isa = PBXFileReference; fileEncoding = 4; lastKnownFileType = sourcecode.c.h; name = openssl.h; path = libgit2/include/git2/sys/openssl.h; sourceTree = "<group>"; };
		F8D67F3F1B7BB81100021BDF /* refdb_backend.h */ = {isa = PBXFileReference; fileEncoding = 4; lastKnownFileType = sourcecode.c.h; name = refdb_backend.h; path = libgit2/include/git2/sys/refdb_backend.h; sourceTree = "<group>"; };
		F8D67F401B7BB81100021BDF /* reflog.h */ = {isa = PBXFileReference; fileEncoding = 4; lastKnownFileType = sourcecode.c.h; name = reflog.h; path = libgit2/include/git2/sys/reflog.h; sourceTree = "<group>"; };
		F8D67F411B7BB81100021BDF /* refs.h */ = {isa = PBXFileReference; fileEncoding = 4; lastKnownFileType = sourcecode.c.h; name = refs.h; path = libgit2/include/git2/sys/refs.h; sourceTree = "<group>"; };
		F8D67F421B7BB81100021BDF /* repository.h */ = {isa = PBXFileReference; fileEncoding = 4; lastKnownFileType = sourcecode.c.h; name = repository.h; path = libgit2/include/git2/sys/repository.h; sourceTree = "<group>"; };
		F8D67F431B7BB81100021BDF /* stream.h */ = {isa = PBXFileReference; fileEncoding = 4; lastKnownFileType = sourcecode.c.h; name = stream.h; path = libgit2/include/git2/sys/stream.h; sourceTree = "<group>"; };
		F8D67F441B7BB81100021BDF /* transport.h */ = {isa = PBXFileReference; fileEncoding = 4; lastKnownFileType = sourcecode.c.h; name = transport.h; path = libgit2/include/git2/sys/transport.h; sourceTree = "<group>"; };
/* End PBXFileReference section */

/* Begin PBXFrameworksBuildPhase section */
		F8D67E301B7BA85D00021BDF /* Frameworks */ = {
			isa = PBXFrameworksBuildPhase;
			buildActionMask = 2147483647;
			files = (
			);
			runOnlyForDeploymentPostprocessing = 0;
		};
		F8D67E401B7BAA4900021BDF /* Frameworks */ = {
			isa = PBXFrameworksBuildPhase;
			buildActionMask = 2147483647;
			files = (
			);
			runOnlyForDeploymentPostprocessing = 0;
		};
/* End PBXFrameworksBuildPhase section */

/* Begin PBXGroup section */
		F8D67E2A1B7BA85D00021BDF = {
			isa = PBXGroup;
			children = (
				F8D67E361B7BA85D00021BDF /* git2-iOS */,
				F8D67E451B7BAA4900021BDF /* git2-Mac */,
				F8D67E7B1B7BB78200021BDF /* libgit2 */,
				F8D67E351B7BA85D00021BDF /* Products */,
			);
			sourceTree = "<group>";
		};
		F8D67E351B7BA85D00021BDF /* Products */ = {
			isa = PBXGroup;
			children = (
				F8D67E341B7BA85D00021BDF /* git2.framework */,
				F8D67E441B7BAA4900021BDF /* git2.framework */,
			);
			name = Products;
			sourceTree = "<group>";
		};
		F8D67E361B7BA85D00021BDF /* git2-iOS */ = {
			isa = PBXGroup;
			children = (
				F8D67E371B7BA85D00021BDF /* git2.h */,
				F8D67E391B7BA85D00021BDF /* Info.plist */,
			);
			path = "git2-iOS";
			sourceTree = "<group>";
		};
		F8D67E451B7BAA4900021BDF /* git2-Mac */ = {
			isa = PBXGroup;
			children = (
				F8D67E461B7BAA4900021BDF /* git2.h */,
				F8D67E481B7BAA4900021BDF /* Info.plist */,
			);
			path = "git2-Mac";
			sourceTree = "<group>";
		};
		F8D67E7B1B7BB78200021BDF /* libgit2 */ = {
			isa = PBXGroup;
			children = (
				F8D67E7C1B7BB79200021BDF /* headers */,
			);
			name = libgit2;
			sourceTree = "<group>";
		};
		F8D67E7C1B7BB79200021BDF /* headers */ = {
			isa = PBXGroup;
			children = (
				F8D67E831B7BB7C900021BDF /* git2 */,
				F8D67E7E1B7BB79E00021BDF /* git2.h */,
			);
			name = headers;
			sourceTree = "<group>";
		};
		F8D67E831B7BB7C900021BDF /* git2 */ = {
			isa = PBXGroup;
			children = (
				F8D67E841B7BB7DA00021BDF /* annotated_commit.h */,
				F8D67E851B7BB7DA00021BDF /* attr.h */,
				F8D67E861B7BB7DA00021BDF /* blame.h */,
				F8D67E871B7BB7DA00021BDF /* blob.h */,
				F8D67E881B7BB7DA00021BDF /* branch.h */,
				F8D67E891B7BB7DA00021BDF /* buffer.h */,
				F8D67E8A1B7BB7DA00021BDF /* checkout.h */,
				F8D67E8B1B7BB7DA00021BDF /* cherrypick.h */,
				F8D67E8C1B7BB7DA00021BDF /* clone.h */,
				F8D67E8D1B7BB7DA00021BDF /* commit.h */,
				F8D67E8E1B7BB7DA00021BDF /* common.h */,
				F8D67E8F1B7BB7DA00021BDF /* config.h */,
				F8D67E901B7BB7DA00021BDF /* cred_helpers.h */,
				F8D67E911B7BB7DA00021BDF /* describe.h */,
				F8D67E921B7BB7DA00021BDF /* diff.h */,
				F8D67E931B7BB7DA00021BDF /* errors.h */,
				F8D67E941B7BB7DA00021BDF /* filter.h */,
				F8D67E951B7BB7DA00021BDF /* global.h */,
				F8D67E961B7BB7DA00021BDF /* graph.h */,
				F8D67E971B7BB7DA00021BDF /* ignore.h */,
				F8D67E981B7BB7DA00021BDF /* index.h */,
				F8D67E991B7BB7DA00021BDF /* indexer.h */,
				F8D67E9A1B7BB7DA00021BDF /* inttypes.h */,
				F8D67E9B1B7BB7DA00021BDF /* merge.h */,
				F8D67E9C1B7BB7DA00021BDF /* message.h */,
				F8D67E9D1B7BB7DA00021BDF /* net.h */,
				F8D67E9E1B7BB7DA00021BDF /* notes.h */,
				F8D67E9F1B7BB7DA00021BDF /* object.h */,
				F8D67EA01B7BB7DA00021BDF /* odb_backend.h */,
				F8D67EA11B7BB7DA00021BDF /* odb.h */,
				F8D67EA21B7BB7DA00021BDF /* oid.h */,
				F8D67EA31B7BB7DA00021BDF /* oidarray.h */,
				F8D67EA41B7BB7DA00021BDF /* pack.h */,
				F8D67EA51B7BB7DA00021BDF /* patch.h */,
				F8D67EA61B7BB7DA00021BDF /* pathspec.h */,
				F8D67EA71B7BB7DA00021BDF /* rebase.h */,
				F8D67EA81B7BB7DA00021BDF /* refdb.h */,
				F8D67EA91B7BB7DA00021BDF /* reflog.h */,
				F8D67EAA1B7BB7DA00021BDF /* refs.h */,
				F8D67EAB1B7BB7DA00021BDF /* refspec.h */,
				F8D67EAC1B7BB7DA00021BDF /* remote.h */,
				F8D67EAD1B7BB7DA00021BDF /* repository.h */,
				F8D67EAE1B7BB7DA00021BDF /* reset.h */,
				F8D67EAF1B7BB7DA00021BDF /* revert.h */,
				F8D67EB01B7BB7DA00021BDF /* revparse.h */,
				F8D67EB11B7BB7DA00021BDF /* revwalk.h */,
				F8D67EB21B7BB7DA00021BDF /* signature.h */,
				F8D67EB31B7BB7DA00021BDF /* stash.h */,
				F8D67EB41B7BB7DA00021BDF /* status.h */,
				F8D67EB51B7BB7DA00021BDF /* stdint.h */,
				F8D67EB61B7BB7DA00021BDF /* strarray.h */,
				F8D67F351B7BB7EF00021BDF /* sys */,
				F8D67EB71B7BB7DA00021BDF /* submodule.h */,
				F8D67F201B7BB7E800021BDF /* tag.h */,
				F8D67F211B7BB7E800021BDF /* trace.h */,
				F8D67F221B7BB7E800021BDF /* transaction.h */,
				F8D67F231B7BB7E800021BDF /* transport.h */,
				F8D67F241B7BB7E800021BDF /* tree.h */,
				F8D67F251B7BB7E800021BDF /* types.h */,
				F8D67F261B7BB7E800021BDF /* version.h */,
			);
			name = git2;
			sourceTree = "<group>";
		};
		F8D67F351B7BB7EF00021BDF /* sys */ = {
			isa = PBXGroup;
			children = (
				F8D67F361B7BB81100021BDF /* commit.h */,
				F8D67F371B7BB81100021BDF /* config.h */,
				F8D67F381B7BB81100021BDF /* diff.h */,
				F8D67F391B7BB81100021BDF /* filter.h */,
				F8D67F3A1B7BB81100021BDF /* hashsig.h */,
				F8D67F3B1B7BB81100021BDF /* index.h */,
				F8D67F3C1B7BB81100021BDF /* mempack.h */,
				F8D67F3D1B7BB81100021BDF /* odb_backend.h */,
				F8D67F3E1B7BB81100021BDF /* openssl.h */,
				F8D67F3F1B7BB81100021BDF /* refdb_backend.h */,
				F8D67F401B7BB81100021BDF /* reflog.h */,
				F8D67F411B7BB81100021BDF /* refs.h */,
				F8D67F421B7BB81100021BDF /* repository.h */,
				F8D67F431B7BB81100021BDF /* stream.h */,
				F8D67F441B7BB81100021BDF /* transport.h */,
			);
			name = sys;
			sourceTree = "<group>";
		};
/* End PBXGroup section */

/* Begin PBXHeadersBuildPhase section */
		F8D67E311B7BA85D00021BDF /* Headers */ = {
			isa = PBXHeadersBuildPhase;
			buildActionMask = 2147483647;
			files = (
				F8D67F271B7BB7E800021BDF /* tag.h in Headers */,
				F8D67E811B7BB79E00021BDF /* git2.h in Headers */,
				F8D67EF41B7BB7DA00021BDF /* oid.h in Headers */,
				F8D67EE81B7BB7DA00021BDF /* message.h in Headers */,
				F8D67EEC1B7BB7DA00021BDF /* notes.h in Headers */,
				F8D67EC21B7BB7DA00021BDF /* buffer.h in Headers */,
				F8D67EEA1B7BB7DA00021BDF /* net.h in Headers */,
				F8D67F021B7BB7DA00021BDF /* reflog.h in Headers */,
				F8D67F0A1B7BB7DA00021BDF /* repository.h in Headers */,
				F8D67ED21B7BB7DA00021BDF /* describe.h in Headers */,
				F8D67EDE1B7BB7DA00021BDF /* ignore.h in Headers */,
				F8D67F0C1B7BB7DA00021BDF /* reset.h in Headers */,
				F8D67EEE1B7BB7DA00021BDF /* object.h in Headers */,
				F8D67ED01B7BB7DA00021BDF /* cred_helpers.h in Headers */,
				F8D67EC61B7BB7DA00021BDF /* cherrypick.h in Headers */,
				F8D67F161B7BB7DA00021BDF /* stash.h in Headers */,
				F8D67F2B1B7BB7E800021BDF /* transaction.h in Headers */,
				F8D67EE01B7BB7DA00021BDF /* index.h in Headers */,
				F8D67F311B7BB7E800021BDF /* types.h in Headers */,
				F8D67F101B7BB7DA00021BDF /* revparse.h in Headers */,
				F8D67EFC1B7BB7DA00021BDF /* pathspec.h in Headers */,
				F8D67F141B7BB7DA00021BDF /* signature.h in Headers */,
				F8D67EB81B7BB7DA00021BDF /* annotated_commit.h in Headers */,
				F8D67F041B7BB7DA00021BDF /* refs.h in Headers */,
				F8D67F1C1B7BB7DA00021BDF /* strarray.h in Headers */,
				F8D67EF61B7BB7DA00021BDF /* oidarray.h in Headers */,
				F8D67F081B7BB7DA00021BDF /* remote.h in Headers */,
				F8D67F181B7BB7DA00021BDF /* status.h in Headers */,
				F8D67F2F1B7BB7E800021BDF /* tree.h in Headers */,
				F8D67EC41B7BB7DA00021BDF /* checkout.h in Headers */,
				F8D67EF81B7BB7DA00021BDF /* pack.h in Headers */,
				F8D67F061B7BB7DA00021BDF /* refspec.h in Headers */,
				F8D67ECC1B7BB7DA00021BDF /* common.h in Headers */,
				F8D67ECE1B7BB7DA00021BDF /* config.h in Headers */,
				F8D67EDC1B7BB7DA00021BDF /* graph.h in Headers */,
				F8D67EF21B7BB7DA00021BDF /* odb.h in Headers */,
				F8D67EF01B7BB7DA00021BDF /* odb_backend.h in Headers */,
				F8D67EFE1B7BB7DA00021BDF /* rebase.h in Headers */,
				F8D67E381B7BA85D00021BDF /* git2.h in Headers */,
				F8D67F1E1B7BB7DA00021BDF /* submodule.h in Headers */,
				F8D67F001B7BB7DA00021BDF /* refdb.h in Headers */,
				F8D67EBC1B7BB7DA00021BDF /* blame.h in Headers */,
				F8D67EE21B7BB7DA00021BDF /* indexer.h in Headers */,
				F8D67EDA1B7BB7DA00021BDF /* global.h in Headers */,
				F8D67ECA1B7BB7DA00021BDF /* commit.h in Headers */,
				F8D67ED41B7BB7DA00021BDF /* diff.h in Headers */,
				F8D67EC81B7BB7DA00021BDF /* clone.h in Headers */,
				F8D67F291B7BB7E800021BDF /* trace.h in Headers */,
				F8D67EE41B7BB7DA00021BDF /* inttypes.h in Headers */,
				F8D67EBA1B7BB7DA00021BDF /* attr.h in Headers */,
				F8D67EE61B7BB7DA00021BDF /* merge.h in Headers */,
				F8D67EBE1B7BB7DA00021BDF /* blob.h in Headers */,
				F8D67EC01B7BB7DA00021BDF /* branch.h in Headers */,
				F8D67F121B7BB7DA00021BDF /* revwalk.h in Headers */,
				F8D67F2D1B7BB7E800021BDF /* transport.h in Headers */,
				F8D67F0E1B7BB7DA00021BDF /* revert.h in Headers */,
				F8D67F1A1B7BB7DA00021BDF /* stdint.h in Headers */,
				F8D67EFA1B7BB7DA00021BDF /* patch.h in Headers */,
				F8D67F331B7BB7E800021BDF /* version.h in Headers */,
				F8D67ED61B7BB7DA00021BDF /* errors.h in Headers */,
				F8D67ED81B7BB7DA00021BDF /* filter.h in Headers */,
			);
			runOnlyForDeploymentPostprocessing = 0;
		};
		F8D67E411B7BAA4900021BDF /* Headers */ = {
			isa = PBXHeadersBuildPhase;
			buildActionMask = 2147483647;
			files = (
				F8D67E471B7BAA4900021BDF /* git2.h in Headers */,
				F8D67E821B7BB79E00021BDF /* git2.h in Headers */,
				F8D67EBB1B7BB7DA00021BDF /* attr.h in Headers */,
				F8D67F281B7BB7E800021BDF /* tag.h in Headers */,
				F8D67EF51B7BB7DA00021BDF /* oid.h in Headers */,
				F8D67EE91B7BB7DA00021BDF /* message.h in Headers */,
				F8D67EED1B7BB7DA00021BDF /* notes.h in Headers */,
				F8D67EC31B7BB7DA00021BDF /* buffer.h in Headers */,
				F8D67EEB1B7BB7DA00021BDF /* net.h in Headers */,
				F8D67F031B7BB7DA00021BDF /* reflog.h in Headers */,
				F8D67F0B1B7BB7DA00021BDF /* repository.h in Headers */,
				F8D67ED31B7BB7DA00021BDF /* describe.h in Headers */,
				F8D67EDF1B7BB7DA00021BDF /* ignore.h in Headers */,
				F8D67F0D1B7BB7DA00021BDF /* reset.h in Headers */,
				F8D67EEF1B7BB7DA00021BDF /* object.h in Headers */,
				F8D67ED11B7BB7DA00021BDF /* cred_helpers.h in Headers */,
				F8D67EC71B7BB7DA00021BDF /* cherrypick.h in Headers */,
				F8D67F171B7BB7DA00021BDF /* stash.h in Headers */,
				F8D67F2C1B7BB7E800021BDF /* transaction.h in Headers */,
				F8D67EE11B7BB7DA00021BDF /* index.h in Headers */,
				F8D67F321B7BB7E800021BDF /* types.h in Headers */,
				F8D67F111B7BB7DA00021BDF /* revparse.h in Headers */,
				F8D67EFD1B7BB7DA00021BDF /* pathspec.h in Headers */,
				F8D67F151B7BB7DA00021BDF /* signature.h in Headers */,
				F8D67EB91B7BB7DA00021BDF /* annotated_commit.h in Headers */,
				F8D67F051B7BB7DA00021BDF /* refs.h in Headers */,
				F8D67F1D1B7BB7DA00021BDF /* strarray.h in Headers */,
				F8D67EF71B7BB7DA00021BDF /* oidarray.h in Headers */,
				F8D67F091B7BB7DA00021BDF /* remote.h in Headers */,
				F8D67F191B7BB7DA00021BDF /* status.h in Headers */,
				F8D67F301B7BB7E800021BDF /* tree.h in Headers */,
				F8D67EC51B7BB7DA00021BDF /* checkout.h in Headers */,
				F8D67EF91B7BB7DA00021BDF /* pack.h in Headers */,
				F8D67F071B7BB7DA00021BDF /* refspec.h in Headers */,
				F8D67ECD1B7BB7DA00021BDF /* common.h in Headers */,
				F8D67ECF1B7BB7DA00021BDF /* config.h in Headers */,
				F8D67EDD1B7BB7DA00021BDF /* graph.h in Headers */,
				F8D67EF31B7BB7DA00021BDF /* odb.h in Headers */,
				F8D67EF11B7BB7DA00021BDF /* odb_backend.h in Headers */,
				F8D67EFF1B7BB7DA00021BDF /* rebase.h in Headers */,
				F8D67F1F1B7BB7DA00021BDF /* submodule.h in Headers */,
				F8D67F011B7BB7DA00021BDF /* refdb.h in Headers */,
				F8D67EBD1B7BB7DA00021BDF /* blame.h in Headers */,
				F8D67EE31B7BB7DA00021BDF /* indexer.h in Headers */,
				F8D67EDB1B7BB7DA00021BDF /* global.h in Headers */,
				F8D67ECB1B7BB7DA00021BDF /* commit.h in Headers */,
				F8D67ED51B7BB7DA00021BDF /* diff.h in Headers */,
				F8D67EC91B7BB7DA00021BDF /* clone.h in Headers */,
				F8D67F2A1B7BB7E800021BDF /* trace.h in Headers */,
				F8D67EE51B7BB7DA00021BDF /* inttypes.h in Headers */,
				F8D67EE71B7BB7DA00021BDF /* merge.h in Headers */,
				F8D67EBF1B7BB7DA00021BDF /* blob.h in Headers */,
				F8D67EC11B7BB7DA00021BDF /* branch.h in Headers */,
				F8D67F131B7BB7DA00021BDF /* revwalk.h in Headers */,
				F8D67F2E1B7BB7E800021BDF /* transport.h in Headers */,
				F8D67F0F1B7BB7DA00021BDF /* revert.h in Headers */,
				F8D67F1B1B7BB7DA00021BDF /* stdint.h in Headers */,
				F8D67EFB1B7BB7DA00021BDF /* patch.h in Headers */,
				F8D67F341B7BB7E800021BDF /* version.h in Headers */,
				F8D67ED71B7BB7DA00021BDF /* errors.h in Headers */,
				F8D67ED91B7BB7DA00021BDF /* filter.h in Headers */,
			);
			runOnlyForDeploymentPostprocessing = 0;
		};
/* End PBXHeadersBuildPhase section */

/* Begin PBXNativeTarget section */
		F8D67E331B7BA85D00021BDF /* git2-iOS */ = {
			isa = PBXNativeTarget;
			buildConfigurationList = F8D67E3C1B7BA85D00021BDF /* Build configuration list for PBXNativeTarget "git2-iOS" */;
			buildPhases = (
				F8D67E2F1B7BA85D00021BDF /* Sources */,
				F8D67E301B7BA85D00021BDF /* Frameworks */,
				F8D67E311B7BA85D00021BDF /* Headers */,
				F8D67E321B7BA85D00021BDF /* Resources */,
			);
			buildRules = (
			);
			dependencies = (
			);
			name = "git2-iOS";
			productName = "git2-iOS";
			productReference = F8D67E341B7BA85D00021BDF /* git2.framework */;
			productType = "com.apple.product-type.framework";
		};
		F8D67E431B7BAA4900021BDF /* git2-Mac */ = {
			isa = PBXNativeTarget;
			buildConfigurationList = F8D67E491B7BAA4900021BDF /* Build configuration list for PBXNativeTarget "git2-Mac" */;
			buildPhases = (
				F8D67E3F1B7BAA4900021BDF /* Sources */,
				F8D67E401B7BAA4900021BDF /* Frameworks */,
				F8D67E411B7BAA4900021BDF /* Headers */,
				F8D67E421B7BAA4900021BDF /* Resources */,
			);
			buildRules = (
			);
			dependencies = (
			);
			name = "git2-Mac";
			productName = "git2-Mac";
			productReference = F8D67E441B7BAA4900021BDF /* git2.framework */;
			productType = "com.apple.product-type.framework";
		};
/* End PBXNativeTarget section */

/* Begin PBXProject section */
		F8D67E2B1B7BA85D00021BDF /* Project object */ = {
			isa = PBXProject;
			attributes = {
				LastUpgradeCheck = 0700;
				ORGANIZATIONNAME = phatblat;
				TargetAttributes = {
					F8D67E331B7BA85D00021BDF = {
						CreatedOnToolsVersion = 7.0;
					};
					F8D67E431B7BAA4900021BDF = {
						CreatedOnToolsVersion = 7.0;
					};
				};
			};
			buildConfigurationList = F8D67E2E1B7BA85D00021BDF /* Build configuration list for PBXProject "git2" */;
			compatibilityVersion = "Xcode 3.2";
			developmentRegion = English;
			hasScannedForEncodings = 0;
			knownRegions = (
				en,
			);
			mainGroup = F8D67E2A1B7BA85D00021BDF;
			productRefGroup = F8D67E351B7BA85D00021BDF /* Products */;
			projectDirPath = "";
			projectRoot = "";
			targets = (
				F8D67E331B7BA85D00021BDF /* git2-iOS */,
				F8D67E431B7BAA4900021BDF /* git2-Mac */,
			);
		};
/* End PBXProject section */

/* Begin PBXResourcesBuildPhase section */
		F8D67E321B7BA85D00021BDF /* Resources */ = {
			isa = PBXResourcesBuildPhase;
			buildActionMask = 2147483647;
			files = (
			);
			runOnlyForDeploymentPostprocessing = 0;
		};
		F8D67E421B7BAA4900021BDF /* Resources */ = {
			isa = PBXResourcesBuildPhase;
			buildActionMask = 2147483647;
			files = (
			);
			runOnlyForDeploymentPostprocessing = 0;
		};
/* End PBXResourcesBuildPhase section */

/* Begin PBXSourcesBuildPhase section */
		F8D67E2F1B7BA85D00021BDF /* Sources */ = {
			isa = PBXSourcesBuildPhase;
			buildActionMask = 2147483647;
			files = (
			);
			runOnlyForDeploymentPostprocessing = 0;
		};
		F8D67E3F1B7BAA4900021BDF /* Sources */ = {
			isa = PBXSourcesBuildPhase;
			buildActionMask = 2147483647;
			files = (
			);
			runOnlyForDeploymentPostprocessing = 0;
		};
/* End PBXSourcesBuildPhase section */

/* Begin XCBuildConfiguration section */
		F8D67E3A1B7BA85D00021BDF /* Debug */ = {
			isa = XCBuildConfiguration;
			buildSettings = {
				ALWAYS_SEARCH_USER_PATHS = NO;
				CLANG_CXX_LANGUAGE_STANDARD = "gnu++0x";
				CLANG_CXX_LIBRARY = "libc++";
				CLANG_ENABLE_MODULES = YES;
				CLANG_ENABLE_OBJC_ARC = YES;
				CLANG_WARN_BOOL_CONVERSION = YES;
				CLANG_WARN_CONSTANT_CONVERSION = YES;
				CLANG_WARN_DIRECT_OBJC_ISA_USAGE = YES_ERROR;
				CLANG_WARN_EMPTY_BODY = YES;
				CLANG_WARN_ENUM_CONVERSION = YES;
				CLANG_WARN_INT_CONVERSION = YES;
				CLANG_WARN_OBJC_ROOT_CLASS = YES_ERROR;
				CLANG_WARN_UNREACHABLE_CODE = YES;
				CLANG_WARN__DUPLICATE_METHOD_MATCH = YES;
				"CODE_SIGN_IDENTITY[sdk=iphoneos*]" = "iPhone Developer";
				COPY_PHASE_STRIP = NO;
				CURRENT_PROJECT_VERSION = 1;
				DEBUG_INFORMATION_FORMAT = dwarf;
				ENABLE_STRICT_OBJC_MSGSEND = YES;
				ENABLE_TESTABILITY = YES;
				GCC_C_LANGUAGE_STANDARD = gnu99;
				GCC_DYNAMIC_NO_PIC = NO;
				GCC_NO_COMMON_BLOCKS = YES;
				GCC_OPTIMIZATION_LEVEL = 0;
				GCC_PREPROCESSOR_DEFINITIONS = (
					"DEBUG=1",
					"$(inherited)",
				);
				GCC_WARN_64_TO_32_BIT_CONVERSION = YES;
				GCC_WARN_ABOUT_RETURN_TYPE = YES_ERROR;
				GCC_WARN_UNDECLARED_SELECTOR = YES;
				GCC_WARN_UNINITIALIZED_AUTOS = YES_AGGRESSIVE;
				GCC_WARN_UNUSED_FUNCTION = YES;
				GCC_WARN_UNUSED_VARIABLE = YES;
				IPHONEOS_DEPLOYMENT_TARGET = 9.0;
				MTL_ENABLE_DEBUG_INFO = YES;
				ONLY_ACTIVE_ARCH = YES;
				SDKROOT = iphoneos;
				TARGETED_DEVICE_FAMILY = "1,2";
				VERSIONING_SYSTEM = "apple-generic";
				VERSION_INFO_PREFIX = "";
			};
			name = Debug;
		};
		F8D67E3B1B7BA85D00021BDF /* Release */ = {
			isa = XCBuildConfiguration;
			buildSettings = {
				ALWAYS_SEARCH_USER_PATHS = NO;
				CLANG_CXX_LANGUAGE_STANDARD = "gnu++0x";
				CLANG_CXX_LIBRARY = "libc++";
				CLANG_ENABLE_MODULES = YES;
				CLANG_ENABLE_OBJC_ARC = YES;
				CLANG_WARN_BOOL_CONVERSION = YES;
				CLANG_WARN_CONSTANT_CONVERSION = YES;
				CLANG_WARN_DIRECT_OBJC_ISA_USAGE = YES_ERROR;
				CLANG_WARN_EMPTY_BODY = YES;
				CLANG_WARN_ENUM_CONVERSION = YES;
				CLANG_WARN_INT_CONVERSION = YES;
				CLANG_WARN_OBJC_ROOT_CLASS = YES_ERROR;
				CLANG_WARN_UNREACHABLE_CODE = YES;
				CLANG_WARN__DUPLICATE_METHOD_MATCH = YES;
				"CODE_SIGN_IDENTITY[sdk=iphoneos*]" = "iPhone Developer";
				COPY_PHASE_STRIP = NO;
				CURRENT_PROJECT_VERSION = 1;
				DEBUG_INFORMATION_FORMAT = "dwarf-with-dsym";
				ENABLE_NS_ASSERTIONS = NO;
				ENABLE_STRICT_OBJC_MSGSEND = YES;
				GCC_C_LANGUAGE_STANDARD = gnu99;
				GCC_NO_COMMON_BLOCKS = YES;
				GCC_WARN_64_TO_32_BIT_CONVERSION = YES;
				GCC_WARN_ABOUT_RETURN_TYPE = YES_ERROR;
				GCC_WARN_UNDECLARED_SELECTOR = YES;
				GCC_WARN_UNINITIALIZED_AUTOS = YES_AGGRESSIVE;
				GCC_WARN_UNUSED_FUNCTION = YES;
				GCC_WARN_UNUSED_VARIABLE = YES;
				IPHONEOS_DEPLOYMENT_TARGET = 9.0;
				MTL_ENABLE_DEBUG_INFO = NO;
				SDKROOT = iphoneos;
				TARGETED_DEVICE_FAMILY = "1,2";
				VALIDATE_PRODUCT = YES;
				VERSIONING_SYSTEM = "apple-generic";
				VERSION_INFO_PREFIX = "";
			};
			name = Release;
		};
		F8D67E3D1B7BA85D00021BDF /* Debug */ = {
			isa = XCBuildConfiguration;
			buildSettings = {
				DEFINES_MODULE = YES;
				DYLIB_COMPATIBILITY_VERSION = 1;
				DYLIB_CURRENT_VERSION = 1;
				DYLIB_INSTALL_NAME_BASE = "@rpath";
				INFOPLIST_FILE = "git2-iOS/Info.plist";
				INSTALL_PATH = "$(LOCAL_LIBRARY_DIR)/Frameworks";
				LD_RUNPATH_SEARCH_PATHS = "$(inherited) @executable_path/Frameworks @loader_path/Frameworks";
				PRODUCT_BUNDLE_IDENTIFIER = "com.phatblat.git2-iOS";
				PRODUCT_NAME = git2;
				SKIP_INSTALL = YES;
			};
			name = Debug;
		};
		F8D67E3E1B7BA85D00021BDF /* Release */ = {
			isa = XCBuildConfiguration;
			buildSettings = {
				DEFINES_MODULE = YES;
				DYLIB_COMPATIBILITY_VERSION = 1;
				DYLIB_CURRENT_VERSION = 1;
				DYLIB_INSTALL_NAME_BASE = "@rpath";
				INFOPLIST_FILE = "git2-iOS/Info.plist";
				INSTALL_PATH = "$(LOCAL_LIBRARY_DIR)/Frameworks";
				LD_RUNPATH_SEARCH_PATHS = "$(inherited) @executable_path/Frameworks @loader_path/Frameworks";
				PRODUCT_BUNDLE_IDENTIFIER = "com.phatblat.git2-iOS";
				PRODUCT_NAME = git2;
				SKIP_INSTALL = YES;
			};
			name = Release;
		};
		F8D67E4A1B7BAA4900021BDF /* Debug */ = {
			isa = XCBuildConfiguration;
			buildSettings = {
				COMBINE_HIDPI_IMAGES = YES;
				DEFINES_MODULE = YES;
				DYLIB_COMPATIBILITY_VERSION = 1;
				DYLIB_CURRENT_VERSION = 1;
				DYLIB_INSTALL_NAME_BASE = "@rpath";
				FRAMEWORK_VERSION = A;
				INFOPLIST_FILE = "git2-Mac/Info.plist";
				INSTALL_PATH = "$(LOCAL_LIBRARY_DIR)/Frameworks";
				LD_RUNPATH_SEARCH_PATHS = "$(inherited) @executable_path/../Frameworks @loader_path/Frameworks";
				MACOSX_DEPLOYMENT_TARGET = 10.10;
				PRODUCT_BUNDLE_IDENTIFIER = "com.phatblat.git2-Mac";
				PRODUCT_NAME = git2;
				SDKROOT = macosx;
				SKIP_INSTALL = YES;
			};
			name = Debug;
		};
		F8D67E4B1B7BAA4900021BDF /* Release */ = {
			isa = XCBuildConfiguration;
			buildSettings = {
				COMBINE_HIDPI_IMAGES = YES;
				DEFINES_MODULE = YES;
				DYLIB_COMPATIBILITY_VERSION = 1;
				DYLIB_CURRENT_VERSION = 1;
				DYLIB_INSTALL_NAME_BASE = "@rpath";
				FRAMEWORK_VERSION = A;
				INFOPLIST_FILE = "git2-Mac/Info.plist";
				INSTALL_PATH = "$(LOCAL_LIBRARY_DIR)/Frameworks";
				LD_RUNPATH_SEARCH_PATHS = "$(inherited) @executable_path/../Frameworks @loader_path/Frameworks";
				MACOSX_DEPLOYMENT_TARGET = 10.10;
				PRODUCT_BUNDLE_IDENTIFIER = "com.phatblat.git2-Mac";
				PRODUCT_NAME = git2;
				SDKROOT = macosx;
				SKIP_INSTALL = YES;
			};
			name = Release;
		};
/* End XCBuildConfiguration section */

/* Begin XCConfigurationList section */
		F8D67E2E1B7BA85D00021BDF /* Build configuration list for PBXProject "git2" */ = {
			isa = XCConfigurationList;
			buildConfigurations = (
				F8D67E3A1B7BA85D00021BDF /* Debug */,
				F8D67E3B1B7BA85D00021BDF /* Release */,
			);
			defaultConfigurationIsVisible = 0;
			defaultConfigurationName = Release;
		};
		F8D67E3C1B7BA85D00021BDF /* Build configuration list for PBXNativeTarget "git2-iOS" */ = {
			isa = XCConfigurationList;
			buildConfigurations = (
				F8D67E3D1B7BA85D00021BDF /* Debug */,
				F8D67E3E1B7BA85D00021BDF /* Release */,
			);
			defaultConfigurationIsVisible = 0;
			defaultConfigurationName = Release;
		};
		F8D67E491B7BAA4900021BDF /* Build configuration list for PBXNativeTarget "git2-Mac" */ = {
			isa = XCConfigurationList;
			buildConfigurations = (
				F8D67E4A1B7BAA4900021BDF /* Debug */,
				F8D67E4B1B7BAA4900021BDF /* Release */,
			);
			defaultConfigurationIsVisible = 0;
			defaultConfigurationName = Release;
		};
/* End XCConfigurationList section */
	};
	rootObject = F8D67E2B1B7BA85D00021BDF /* Project object */;
}
